<?xml version="1.0" encoding="utf-8"?>
<Project ToolsVersion="4.0" xmlns="http://schemas.microsoft.com/developer/msbuild/2003">
  <ItemGroup>
    <Filter Include="Source Files">
      <UniqueIdentifier>{05c4ba7a-63cb-491c-a8b5-b59f63f02b0e}</UniqueIdentifier>
    </Filter>
    <Filter Include="Source Files\01.ProjectObject">
      <UniqueIdentifier>{9e77cc07-100c-4a02-8b51-23282f758231}</UniqueIdentifier>
    </Filter>
    <Filter Include="Source Files\02.System">
      <UniqueIdentifier>{ccde6a57-d7c1-4fa5-ae2f-1fe62b546984}</UniqueIdentifier>
    </Filter>
    <Filter Include="Source Files\00.Main">
      <UniqueIdentifier>{8270d5cd-674a-4237-b0ed-fa2b29bed80e}</UniqueIdentifier>
    </Filter>
    <Filter Include="Source Files\02.System\Input">
      <UniqueIdentifier>{fa07028c-ae61-4e01-b7f3-230cf7bed3a2}</UniqueIdentifier>
    </Filter>
    <Filter Include="Source Files\02.System\Debug">
      <UniqueIdentifier>{5cea547e-dc9e-4712-b3ad-043c83ac39fe}</UniqueIdentifier>
    </Filter>
    <Filter Include="Source Files\02.System\ImGui">
      <UniqueIdentifier>{c0740de9-1faf-4ace-9cda-3c33ecbc900b}</UniqueIdentifier>
    </Filter>
    <Filter Include="Source Files\03.Graphics">
      <UniqueIdentifier>{704a5a7a-c20a-42fe-9e05-fb7b2f596b1b}</UniqueIdentifier>
    </Filter>
    <Filter Include="Source Files\03.Graphics\00.Data">
      <UniqueIdentifier>{49c6e6d4-3dfd-4d55-b733-a9f1b67c8308}</UniqueIdentifier>
    </Filter>
    <Filter Include="Source Files\01.ProjectObject\Display">
      <UniqueIdentifier>{00b4baf8-ccc3-4e45-91f3-8e5b044b875a}</UniqueIdentifier>
    </Filter>
    <Filter Include="Source Files\01.ProjectObject\Scene">
      <UniqueIdentifier>{29a36208-3c13-442c-928c-ac0763b32854}</UniqueIdentifier>
    </Filter>
    <Filter Include="Source Files\03.Graphics\01.Interface">
      <UniqueIdentifier>{e966c8a8-5a05-4c95-b490-29cf9be5345c}</UniqueIdentifier>
    </Filter>
    <Filter Include="Source Files\04.Manager">
      <UniqueIdentifier>{85dc6fcf-b11d-4e9d-9810-e085fada1783}</UniqueIdentifier>
    </Filter>
    <Filter Include="Source Files\01.ProjectObject\Display\Particle">
      <UniqueIdentifier>{657a2993-395d-42e2-b9dc-e5448dfeb401}</UniqueIdentifier>
    </Filter>
    <Filter Include="Source Files\01.ProjectObject\Display\Test">
      <UniqueIdentifier>{d691c277-2856-4e9d-af4b-8f57cd96c152}</UniqueIdentifier>
    </Filter>
    <Filter Include="Source Files\03.Graphics\01.Interface\UI">
      <UniqueIdentifier>{77ecab93-6c51-43c4-bcb4-fa844fd59916}</UniqueIdentifier>
    </Filter>
    <Filter Include="Source Files\05.Utility">
      <UniqueIdentifier>{35fa1137-24dd-4540-b92c-f96955b6093e}</UniqueIdentifier>
    </Filter>
    <Filter Include="Source Files\01.ProjectObject\UI">
      <UniqueIdentifier>{f22623a2-4ab3-4901-89e4-fb6f333137ac}</UniqueIdentifier>
    </Filter>
    <Filter Include="00.World_of_Warcraft">
      <UniqueIdentifier>{52debf23-4b6c-4bca-8290-d886713981b5}</UniqueIdentifier>
    </Filter>
    <Filter Include="00.World_of_Warcraft\00.Main">
      <UniqueIdentifier>{6ad8e686-dcd5-421b-bf7d-acf354e65949}</UniqueIdentifier>
    </Filter>
    <Filter Include="00.World_of_Warcraft\01.Object">
      <UniqueIdentifier>{a0fa7a97-51d0-4c0e-a1e3-6fbeaa9cd5c6}</UniqueIdentifier>
    </Filter>
    <Filter Include="00.World_of_Warcraft\01.Object\99.Scene">
      <UniqueIdentifier>{2e993958-346a-48d5-a81d-4f79d74a45f6}</UniqueIdentifier>
    </Filter>
    <Filter Include="00.World_of_Warcraft\01.Object\98.UI">
      <UniqueIdentifier>{1ed21137-57fe-4d04-97af-6a345ee33708}</UniqueIdentifier>
    </Filter>
    <Filter Include="00.World_of_Warcraft\01.Object\00.Player">
      <UniqueIdentifier>{7df6a257-b23a-4a2e-bc08-d71e9d424af4}</UniqueIdentifier>
    </Filter>
    <Filter Include="00.World_of_Warcraft\03.Graphics">
      <UniqueIdentifier>{7a1d1b41-5a13-4760-99df-1be68315d131}</UniqueIdentifier>
    </Filter>
    <Filter Include="00.World_of_Warcraft\03.Graphics\00.Data">
      <UniqueIdentifier>{5915dfce-75a0-4138-9223-c7044b35694e}</UniqueIdentifier>
    </Filter>
    <Filter Include="00.World_of_Warcraft\03.Graphics\01.Interface">
      <UniqueIdentifier>{fb1f455a-c612-4c43-8e81-2a8bbf677247}</UniqueIdentifier>
    </Filter>
    <Filter Include="00.World_of_Warcraft\03.Graphics\02.Shader">
      <UniqueIdentifier>{289d1ba5-31c3-453a-a795-ca22a0bb4b28}</UniqueIdentifier>
    </Filter>
    <Filter Include="00.World_of_Warcraft\03.Graphics\02.Shader\HLSL">
      <UniqueIdentifier>{c14b2f54-9de1-43f6-9d09-f9a51d0746d2}</UniqueIdentifier>
    </Filter>
    <Filter Include="00.World_of_Warcraft\03.Graphics\02.Shader\ShaderClass">
      <UniqueIdentifier>{6162da08-50bc-4d74-b6bf-c6c7bf3a2243}</UniqueIdentifier>
    </Filter>
    <Filter Include="00.World_of_Warcraft\03.Graphics\03.View">
      <UniqueIdentifier>{01ac52b1-41f3-4b77-b2e8-b678692e8234}</UniqueIdentifier>
    </Filter>
    <Filter Include="00.World_of_Warcraft\03.Graphics\04.Model">
      <UniqueIdentifier>{9b9f0f85-b5d6-45c0-85d3-9b46f0d1e9fd}</UniqueIdentifier>
    </Filter>
    <Filter Include="00.World_of_Warcraft\03.Graphics\04.Model\ASE">
      <UniqueIdentifier>{d9b153f8-1f20-4156-9616-9c26978d5381}</UniqueIdentifier>
    </Filter>
    <Filter Include="00.World_of_Warcraft\03.Graphics\04.Model\OBJ">
      <UniqueIdentifier>{052605e6-d5eb-40f6-9890-e5a46c2a4ae8}</UniqueIdentifier>
    </Filter>
    <Filter Include="00.World_of_Warcraft\03.Graphics\04.Model\Sky">
      <UniqueIdentifier>{c27fddd4-ccf1-4f48-a630-75fcf0767ca9}</UniqueIdentifier>
    </Filter>
    <Filter Include="00.World_of_Warcraft\03.Graphics\04.Model\Terrain">
      <UniqueIdentifier>{e07ad7c2-86c5-40ae-a480-5f3126921038}</UniqueIdentifier>
    </Filter>
    <Filter Include="00.World_of_Warcraft\03.Graphics\04.Model\X">
      <UniqueIdentifier>{280d9acf-7a69-4354-b08a-58f5ca2582c4}</UniqueIdentifier>
    </Filter>
    <Filter Include="00.World_of_Warcraft\02.Manager">
      <UniqueIdentifier>{3fbe313c-f5ac-470c-b900-9b0b7cc76431}</UniqueIdentifier>
    </Filter>
    <Filter Include="00.World_of_Warcraft\04.Utility">
      <UniqueIdentifier>{2f1d5795-d29d-488f-8131-160b930cfee9}</UniqueIdentifier>
    </Filter>
    <Filter Include="00.World_of_Warcraft\02.Skill">
      <UniqueIdentifier>{6cce1ed1-1f05-4f1c-9d29-206df52b74ce}</UniqueIdentifier>
    </Filter>
    <Filter Include="00.World_of_Warcraft\01.Object\99.Scene\Resource Files">
      <UniqueIdentifier>{67DA6AB6-F800-4c08-8B7A-83BB121AAD01}</UniqueIdentifier>
      <Extensions>rc;ico;cur;bmp;dlg;rc2;rct;bin;rgs;gif;jpg;jpeg;jpe;resx;tiff;tif;png;wav;mfcribbon-ms</Extensions>
    </Filter>
    <Filter Include="00.World_of_Warcraft\01.Object\02.Boss">
      <UniqueIdentifier>{68dc1507-bcd3-46b8-9f54-521ecd420939}</UniqueIdentifier>
    </Filter>
  </ItemGroup>
  <ItemGroup>
    <ClInclude Include="DX9.h">
      <Filter>Source Files\00.Main</Filter>
    </ClInclude>
    <ClInclude Include="Resource.h">
      <Filter>Source Files\00.Main</Filter>
    </ClInclude>
    <ClInclude Include="targetver.h">
      <Filter>Source Files\00.Main</Filter>
    </ClInclude>
    <ClInclude Include="System\DX.h">
      <Filter>Source Files\02.System</Filter>
    </ClInclude>
    <ClInclude Include="System\Time.h">
      <Filter>Source Files\02.System</Filter>
    </ClInclude>
    <ClInclude Include="System\Window.h">
      <Filter>Source Files\02.System</Filter>
    </ClInclude>
    <ClInclude Include="System\Input\Input.h">
      <Filter>Source Files\02.System\Input</Filter>
    </ClInclude>
    <ClInclude Include="GlobalDefinition.h">
      <Filter>Source Files\00.Main</Filter>
    </ClInclude>
    <ClInclude Include="System\Debug\Debug.h">
      <Filter>Source Files\02.System\Debug</Filter>
    </ClInclude>
    <ClInclude Include="Application.h">
      <Filter>Source Files\00.Main</Filter>
    </ClInclude>
    <ClInclude Include="ImGui\imconfig.h">
      <Filter>Source Files\02.System\ImGui</Filter>
    </ClInclude>
    <ClInclude Include="ImGui\imgui.h">
      <Filter>Source Files\02.System\ImGui</Filter>
    </ClInclude>
    <ClInclude Include="ImGui\imgui_impl_dx9.h">
      <Filter>Source Files\02.System\ImGui</Filter>
    </ClInclude>
    <ClInclude Include="ImGui\imgui_impl_win32.h">
      <Filter>Source Files\02.System\ImGui</Filter>
    </ClInclude>
    <ClInclude Include="ImGui\imgui_internal.h">
      <Filter>Source Files\02.System\ImGui</Filter>
    </ClInclude>
    <ClInclude Include="ImGui\imstb_rectpack.h">
      <Filter>Source Files\02.System\ImGui</Filter>
    </ClInclude>
    <ClInclude Include="ImGui\imstb_textedit.h">
      <Filter>Source Files\02.System\ImGui</Filter>
    </ClInclude>
    <ClInclude Include="ImGui\imstb_truetype.h">
      <Filter>Source Files\02.System\ImGui</Filter>
    </ClInclude>
    <ClInclude Include="Graphics\Data\VertexTypes.h">
      <Filter>Source Files\03.Graphics\00.Data</Filter>
    </ClInclude>
    <ClInclude Include="ProjectObject\Display\RectObject.h">
      <Filter>Source Files\01.ProjectObject\Display</Filter>
    </ClInclude>
    <ClInclude Include="ProjectObject\Display\Cube.h">
      <Filter>Source Files\01.ProjectObject\Display</Filter>
    </ClInclude>
    <ClInclude Include="ProjectObject\Display\Grid.h">
      <Filter>Source Files\01.ProjectObject\Display</Filter>
    </ClInclude>
    <ClInclude Include="Graphics\Shader\IShader.h">
      <Filter>00.World_of_Warcraft\03.Graphics\02.Shader</Filter>
    </ClInclude>
    <ClInclude Include="Graphics\Shader\ShaderClass\LightingShader.h">
      <Filter>00.World_of_Warcraft\03.Graphics\02.Shader\ShaderClass</Filter>
    </ClInclude>
    <ClInclude Include="ProjectObject\Scene\SceneGrid.h">
      <Filter>Source Files\01.ProjectObject\Scene</Filter>
    </ClInclude>
    <ClInclude Include="Graphics\Shader\ShaderClass\ColorShader.h">
      <Filter>00.World_of_Warcraft\03.Graphics\02.Shader\ShaderClass</Filter>
    </ClInclude>
    <ClInclude Include="ProjectObject\Display\ShaderCube.h">
      <Filter>Source Files\01.ProjectObject\Display</Filter>
    </ClInclude>
    <ClInclude Include="ProjectObject\Display\Particle\SphereParticle.h">
      <Filter>Source Files\01.ProjectObject\Display\Particle</Filter>
    </ClInclude>
    <ClInclude Include="ProjectObject\Display\Test\MipmapFilter.h">
      <Filter>Source Files\01.ProjectObject\Display\Test</Filter>
    </ClInclude>
    <ClInclude Include="ProjectObject\Scene\SceneTerrain.h">
      <Filter>Source Files\01.ProjectObject\Scene</Filter>
    </ClInclude>
    <ClInclude Include="Graphics\Model\ASE\Asciitok.h">
      <Filter>00.World_of_Warcraft\03.Graphics\04.Model\ASE</Filter>
    </ClInclude>
    <ClInclude Include="Graphics\Model\ASE\AseLoader.h">
      <Filter>00.World_of_Warcraft\03.Graphics\04.Model\ASE</Filter>
    </ClInclude>
    <ClInclude Include="Graphics\Model\ASE\AseModel.h">
      <Filter>00.World_of_Warcraft\03.Graphics\04.Model\ASE</Filter>
    </ClInclude>
    <ClInclude Include="Graphics\Model\ASE\AseModelParts.h">
      <Filter>00.World_of_Warcraft\03.Graphics\04.Model\ASE</Filter>
    </ClInclude>
    <ClInclude Include="ProjectObject\Display\ASEWoman.h">
      <Filter>Source Files\01.ProjectObject\Display</Filter>
    </ClInclude>
    <ClInclude Include="ProjectObject\Display\Test\ExtractFromBuffer.h">
      <Filter>Source Files\01.ProjectObject\Display\Test</Filter>
    </ClInclude>
    <ClInclude Include="Graphics\Shader\ShaderClass\TextureShader.h">
      <Filter>00.World_of_Warcraft\03.Graphics\02.Shader\ShaderClass</Filter>
    </ClInclude>
    <ClInclude Include="Graphics\Interface\UI\IUIObject.h">
      <Filter>Source Files\03.Graphics\01.Interface\UI</Filter>
    </ClInclude>
    <ClInclude Include="Graphics\Interface\UI\UIButton.h">
      <Filter>Source Files\03.Graphics\01.Interface\UI</Filter>
    </ClInclude>
    <ClInclude Include="Graphics\Interface\UI\UIImage.h">
      <Filter>Source Files\03.Graphics\01.Interface\UI</Filter>
    </ClInclude>
    <ClInclude Include="Graphics\Interface\UI\UIText.h">
      <Filter>Source Files\03.Graphics\01.Interface\UI</Filter>
    </ClInclude>
    <ClInclude Include="Graphics\Model\OBJ\ObjLoader.h">
      <Filter>00.World_of_Warcraft\03.Graphics\04.Model\OBJ</Filter>
    </ClInclude>
    <ClInclude Include="Graphics\Model\OBJ\ObjMap.h">
      <Filter>00.World_of_Warcraft\03.Graphics\04.Model\OBJ</Filter>
    </ClInclude>
    <ClInclude Include="Graphics\Shader\ShaderClass\SkyGradientShader.h">
      <Filter>00.World_of_Warcraft\03.Graphics\02.Shader\ShaderClass</Filter>
    </ClInclude>
    <ClInclude Include="Graphics\Model\Terrain\Terrain.h">
      <Filter>00.World_of_Warcraft\03.Graphics\04.Model\Terrain</Filter>
    </ClInclude>
    <ClInclude Include="Graphics\Model\Sky\Sky.h">
      <Filter>00.World_of_Warcraft\03.Graphics\04.Model\Sky</Filter>
    </ClInclude>
    <ClInclude Include="Graphics\Model\Sky\SkyGradient.h">
      <Filter>00.World_of_Warcraft\03.Graphics\04.Model\Sky</Filter>
    </ClInclude>
    <ClInclude Include="Graphics\Model\Terrain\QuadTree.h">
      <Filter>00.World_of_Warcraft\03.Graphics\04.Model\Terrain</Filter>
    </ClInclude>
    <ClInclude Include="Graphics\View\Camera.h">
      <Filter>00.World_of_Warcraft\03.Graphics\03.View</Filter>
    </ClInclude>
    <ClInclude Include="Graphics\View\Frustum.h">
      <Filter>00.World_of_Warcraft\03.Graphics\03.View</Filter>
    </ClInclude>
    <ClInclude Include="Graphics\View\Ray.h">
      <Filter>00.World_of_Warcraft\03.Graphics\03.View</Filter>
    </ClInclude>
    <ClInclude Include="Graphics\Interface\UI\UITest.h">
      <Filter>Source Files\03.Graphics\01.Interface\UI</Filter>
    </ClInclude>
    <ClInclude Include="Graphics\Model\X\AllocateHierarchyHLSL.h">
      <Filter>00.World_of_Warcraft\03.Graphics\04.Model\X</Filter>
    </ClInclude>
    <ClInclude Include="ProjectObject\Display\Test\Viewport.h">
      <Filter>Source Files\01.ProjectObject\Display\Test</Filter>
    </ClInclude>
    <ClInclude Include="Graphics\Shader\ShaderClass\ToonShader.h">
      <Filter>00.World_of_Warcraft\03.Graphics\02.Shader\ShaderClass</Filter>
    </ClInclude>
    <ClInclude Include="Graphics\Shader\ShaderClass\BoundaryShader.h">
      <Filter>00.World_of_Warcraft\03.Graphics\02.Shader\ShaderClass</Filter>
    </ClInclude>
    <ClInclude Include="Graphics\Shader\ShaderClass\HidingShader.h">
      <Filter>00.World_of_Warcraft\03.Graphics\02.Shader\ShaderClass</Filter>
    </ClInclude>
    <ClInclude Include="Graphics\Shader\ShaderData.h">
      <Filter>00.World_of_Warcraft\03.Graphics\02.Shader</Filter>
    </ClInclude>
    <ClInclude Include="ProjectObject\Display\Test\EnvMapping.h">
      <Filter>Source Files\01.ProjectObject\Display\Test</Filter>
    </ClInclude>
    <ClInclude Include="ProjectObject\Display\Test\NormalMapping.h">
      <Filter>Source Files\01.ProjectObject\Display\Test</Filter>
    </ClInclude>
    <ClInclude Include="ProjectObject\Display\Test\InstancingTest.h">
      <Filter>Source Files\01.ProjectObject\Display\Test</Filter>
    </ClInclude>
    <ClInclude Include="Graphics\Model\Sky\Cloud.h">
      <Filter>00.World_of_Warcraft\03.Graphics\04.Model\Sky</Filter>
    </ClInclude>
    <ClInclude Include="Graphics\Shader\ShaderClass\CloudShader.h">
      <Filter>00.World_of_Warcraft\03.Graphics\02.Shader\ShaderClass</Filter>
    </ClInclude>
    <ClInclude Include="ProjectObject\Display\Test\UVWater.h">
      <Filter>Source Files\01.ProjectObject\Display\Test</Filter>
    </ClInclude>
    <ClInclude Include="Graphics\Shader\ShaderClass\ShadowMapShader.h">
      <Filter>00.World_of_Warcraft\03.Graphics\02.Shader\ShaderClass</Filter>
    </ClInclude>
    <ClInclude Include="Graphics\Shader\ShaderClass\ShadowShader.h">
      <Filter>00.World_of_Warcraft\03.Graphics\02.Shader\ShaderClass</Filter>
    </ClInclude>
    <ClInclude Include="ProjectObject\Display\Test\ShadowMapping.h">
      <Filter>Source Files\01.ProjectObject\Display\Test</Filter>
    </ClInclude>
    <ClInclude Include="Graphics\Model\Terrain\TerrainEditor.h">
      <Filter>00.World_of_Warcraft\03.Graphics\04.Model\Terrain</Filter>
    </ClInclude>
    <ClInclude Include="Graphics\Shader\ShaderClass\TerrainEditorShader.h">
      <Filter>00.World_of_Warcraft\03.Graphics\02.Shader\ShaderClass</Filter>
    </ClInclude>
    <ClInclude Include="Graphics\Model\X\SkinnedMeshHLSL.h">
      <Filter>00.World_of_Warcraft\03.Graphics\04.Model\X</Filter>
    </ClInclude>
    <ClInclude Include="ProjectObject\Display\Weapon.h">
      <Filter>Source Files\01.ProjectObject\Display</Filter>
    </ClInclude>
    <ClInclude Include="ProjectObject\Display\Player.h">
      <Filter>00.World_of_Warcraft\01.Object\00.Player</Filter>
    </ClInclude>
    <ClInclude Include="ProjectObject\Display\MainUI.h">
      <Filter>Source Files\01.ProjectObject\Display</Filter>
    </ClInclude>
    <ClInclude Include="ProjectObject\Display\UI\PlayerUI.h">
      <Filter>00.World_of_Warcraft\01.Object\98.UI</Filter>
    </ClInclude>
    <ClInclude Include="Graphics\Data\Boundary.h">
      <Filter>00.World_of_Warcraft\03.Graphics\00.Data</Filter>
    </ClInclude>
    <ClInclude Include="Graphics\Data\DXDefinition.h">
      <Filter>00.World_of_Warcraft\03.Graphics\00.Data</Filter>
    </ClInclude>
    <ClInclude Include="Graphics\Data\Hiding.h">
      <Filter>00.World_of_Warcraft\03.Graphics\00.Data</Filter>
    </ClInclude>
    <ClInclude Include="Graphics\Data\Light.h">
      <Filter>00.World_of_Warcraft\03.Graphics\00.Data</Filter>
    </ClInclude>
    <ClInclude Include="Graphics\Data\Material.h">
      <Filter>00.World_of_Warcraft\03.Graphics\00.Data</Filter>
    </ClInclude>
    <ClInclude Include="Graphics\Interface\IDisplayObject.h">
      <Filter>00.World_of_Warcraft\03.Graphics\01.Interface</Filter>
    </ClInclude>
    <ClInclude Include="Graphics\Interface\IMap.h">
      <Filter>00.World_of_Warcraft\03.Graphics\01.Interface</Filter>
    </ClInclude>
    <ClInclude Include="Graphics\Interface\IScene.h">
      <Filter>00.World_of_Warcraft\03.Graphics\01.Interface</Filter>
    </ClInclude>
    <ClInclude Include="Manager\Assets.h">
      <Filter>00.World_of_Warcraft\02.Manager</Filter>
    </ClInclude>
    <ClInclude Include="Manager\GUI.h">
      <Filter>00.World_of_Warcraft\02.Manager</Filter>
    </ClInclude>
    <ClInclude Include="Manager\Objects.h">
      <Filter>00.World_of_Warcraft\02.Manager</Filter>
    </ClInclude>
    <ClInclude Include="Manager\Rendering.h">
      <Filter>00.World_of_Warcraft\02.Manager</Filter>
    </ClInclude>
    <ClInclude Include="Manager\Scenes.h">
      <Filter>00.World_of_Warcraft\02.Manager</Filter>
    </ClInclude>
    <ClInclude Include="Manager\Shaders.h">
      <Filter>00.World_of_Warcraft\02.Manager</Filter>
    </ClInclude>
    <ClInclude Include="Utility\String.h">
      <Filter>00.World_of_Warcraft\04.Utility</Filter>
    </ClInclude>
    <ClInclude Include="Utility\BinaryFile.h">
      <Filter>00.World_of_Warcraft\04.Utility</Filter>
    </ClInclude>
    <ClInclude Include="Utility\Path.h">
      <Filter>00.World_of_Warcraft\04.Utility</Filter>
    </ClInclude>
    <ClInclude Include="stdafx.h">
      <Filter>00.World_of_Warcraft\00.Main</Filter>
    </ClInclude>
    <ClInclude Include="ProjectObject\Scene\SceneOBJ.h">
      <Filter>00.World_of_Warcraft\01.Object\99.Scene</Filter>
    </ClInclude>
    <ClInclude Include="ProjectObject\Scene\SceneTest.h">
      <Filter>00.World_of_Warcraft\01.Object\99.Scene</Filter>
    </ClInclude>
    <ClInclude Include="ProjectObject\Display\Skill\SkullMissile.h">
      <Filter>00.World_of_Warcraft\02.Skill</Filter>
    </ClInclude>
    <ClInclude Include="ProjectObject\Display\Boss\Boss1.h">
      <Filter>00.World_of_Warcraft\01.Object\02.Boss</Filter>
    </ClInclude>
  </ItemGroup>
  <ItemGroup>
    <ClCompile Include="stdafx.cpp">
      <Filter>Source Files\00.Main</Filter>
    </ClCompile>
    <ClCompile Include="DX9.cpp">
      <Filter>Source Files\00.Main</Filter>
    </ClCompile>
    <ClCompile Include="System\DX.cpp">
      <Filter>Source Files\02.System</Filter>
    </ClCompile>
    <ClCompile Include="System\Time.cpp">
      <Filter>Source Files\02.System</Filter>
    </ClCompile>
    <ClCompile Include="System\Window.cpp">
      <Filter>Source Files\02.System</Filter>
    </ClCompile>
    <ClCompile Include="System\Input\Input.cpp">
      <Filter>Source Files\02.System\Input</Filter>
    </ClCompile>
    <ClCompile Include="GlobalDefinition.cpp">
      <Filter>Source Files\00.Main</Filter>
    </ClCompile>
    <ClCompile Include="System\Debug\Debug.cpp">
      <Filter>Source Files\02.System\Debug</Filter>
    </ClCompile>
    <ClCompile Include="Application.cpp">
      <Filter>Source Files\00.Main</Filter>
    </ClCompile>
    <ClCompile Include="ImGui\imgui.cpp">
      <Filter>Source Files\02.System\ImGui</Filter>
    </ClCompile>
    <ClCompile Include="ImGui\imgui_impl_dx9.cpp">
      <Filter>Source Files\02.System\ImGui</Filter>
    </ClCompile>
    <ClCompile Include="ImGui\imgui_impl_win32.cpp">
      <Filter>Source Files\02.System\ImGui</Filter>
    </ClCompile>
    <ClCompile Include="ImGui\imgui_demo.cpp">
      <Filter>Source Files\02.System\ImGui</Filter>
    </ClCompile>
    <ClCompile Include="ImGui\imgui_draw.cpp">
      <Filter>Source Files\02.System\ImGui</Filter>
    </ClCompile>
    <ClCompile Include="ImGui\imgui_widgets.cpp">
      <Filter>Source Files\02.System\ImGui</Filter>
    </ClCompile>
    <ClCompile Include="ProjectObject\Display\RectObject.cpp">
      <Filter>Source Files\01.ProjectObject\Display</Filter>
    </ClCompile>
    <ClCompile Include="ProjectObject\Display\Cube.cpp">
      <Filter>Source Files\01.ProjectObject\Display</Filter>
    </ClCompile>
    <ClCompile Include="ProjectObject\Display\Grid.cpp">
      <Filter>Source Files\01.ProjectObject\Display</Filter>
    </ClCompile>
    <ClCompile Include="Graphics\Shader\ShaderClass\LightingShader.cpp">
      <Filter>00.World_of_Warcraft\03.Graphics\02.Shader\ShaderClass</Filter>
    </ClCompile>
    <ClCompile Include="ProjectObject\Scene\SceneGrid.cpp">
      <Filter>Source Files\01.ProjectObject\Scene</Filter>
    </ClCompile>
    <ClCompile Include="Graphics\Shader\ShaderClass\ColorShader.cpp">
      <Filter>00.World_of_Warcraft\03.Graphics\02.Shader\ShaderClass</Filter>
    </ClCompile>
    <ClCompile Include="ProjectObject\Display\ShaderCube.cpp">
      <Filter>Source Files\01.ProjectObject\Display</Filter>
    </ClCompile>
    <ClCompile Include="Graphics\Shader\IShader.cpp">
      <Filter>00.World_of_Warcraft\03.Graphics\02.Shader</Filter>
    </ClCompile>
    <ClCompile Include="ProjectObject\Scene\SceneTerrain.cpp">
      <Filter>Source Files\01.ProjectObject\Scene</Filter>
    </ClCompile>
    <ClCompile Include="Graphics\Model\ASE\AseLoader.cpp">
      <Filter>00.World_of_Warcraft\03.Graphics\04.Model\ASE</Filter>
    </ClCompile>
    <ClCompile Include="Graphics\Model\ASE\AseModel.cpp">
      <Filter>00.World_of_Warcraft\03.Graphics\04.Model\ASE</Filter>
    </ClCompile>
    <ClCompile Include="Graphics\Model\ASE\AseModelParts.cpp">
      <Filter>00.World_of_Warcraft\03.Graphics\04.Model\ASE</Filter>
    </ClCompile>
    <ClCompile Include="ProjectObject\Display\ASEWoman.cpp">
      <Filter>Source Files\01.ProjectObject\Display</Filter>
    </ClCompile>
    <ClCompile Include="Graphics\Shader\ShaderClass\TextureShader.cpp">
      <Filter>00.World_of_Warcraft\03.Graphics\02.Shader\ShaderClass</Filter>
    </ClCompile>
    <ClCompile Include="Graphics\Interface\UI\IUIObject.cpp">
      <Filter>Source Files\03.Graphics\01.Interface\UI</Filter>
    </ClCompile>
    <ClCompile Include="Graphics\Interface\UI\UIButton.cpp">
      <Filter>Source Files\03.Graphics\01.Interface\UI</Filter>
    </ClCompile>
    <ClCompile Include="Graphics\Interface\UI\UIImage.cpp">
      <Filter>Source Files\03.Graphics\01.Interface\UI</Filter>
    </ClCompile>
    <ClCompile Include="Graphics\Interface\UI\UIText.cpp">
      <Filter>Source Files\03.Graphics\01.Interface\UI</Filter>
    </ClCompile>
    <ClCompile Include="Graphics\Model\OBJ\ObjLoader.cpp">
      <Filter>00.World_of_Warcraft\03.Graphics\04.Model\OBJ</Filter>
    </ClCompile>
    <ClCompile Include="Graphics\Model\OBJ\ObjMap.cpp">
      <Filter>00.World_of_Warcraft\03.Graphics\04.Model\OBJ</Filter>
    </ClCompile>
    <ClCompile Include="Graphics\Shader\ShaderClass\SkyGradientShader.cpp">
      <Filter>00.World_of_Warcraft\03.Graphics\02.Shader\ShaderClass</Filter>
    </ClCompile>
    <ClCompile Include="Graphics\Model\Terrain\Terrain.cpp">
      <Filter>00.World_of_Warcraft\03.Graphics\04.Model\Terrain</Filter>
    </ClCompile>
    <ClCompile Include="Graphics\Model\Sky\Sky.cpp">
      <Filter>00.World_of_Warcraft\03.Graphics\04.Model\Sky</Filter>
    </ClCompile>
    <ClCompile Include="Graphics\Model\Sky\SkyGradient.cpp">
      <Filter>00.World_of_Warcraft\03.Graphics\04.Model\Sky</Filter>
    </ClCompile>
    <ClCompile Include="Graphics\Model\Terrain\QuadTree.cpp">
      <Filter>00.World_of_Warcraft\03.Graphics\04.Model\Terrain</Filter>
    </ClCompile>
    <ClCompile Include="Graphics\View\Camera.cpp">
      <Filter>00.World_of_Warcraft\03.Graphics\03.View</Filter>
    </ClCompile>
    <ClCompile Include="Graphics\View\Frustum.cpp">
      <Filter>00.World_of_Warcraft\03.Graphics\03.View</Filter>
    </ClCompile>
    <ClCompile Include="Graphics\View\Ray.cpp">
      <Filter>00.World_of_Warcraft\03.Graphics\03.View</Filter>
    </ClCompile>
    <ClCompile Include="Graphics\Model\X\AllocateHierarchyHLSL.cpp">
      <Filter>00.World_of_Warcraft\03.Graphics\04.Model\X</Filter>
    </ClCompile>
    <ClCompile Include="Graphics\Shader\ShaderClass\ToonShader.cpp">
      <Filter>00.World_of_Warcraft\03.Graphics\02.Shader\ShaderClass</Filter>
    </ClCompile>
    <ClCompile Include="Graphics\Shader\ShaderClass\BoundaryShader.cpp">
      <Filter>00.World_of_Warcraft\03.Graphics\02.Shader\ShaderClass</Filter>
    </ClCompile>
    <ClCompile Include="Graphics\Shader\ShaderClass\HidingShader.cpp">
      <Filter>00.World_of_Warcraft\03.Graphics\02.Shader\ShaderClass</Filter>
    </ClCompile>
    <ClCompile Include="Graphics\Shader\ShaderData.cpp">
      <Filter>00.World_of_Warcraft\03.Graphics\02.Shader</Filter>
    </ClCompile>
    <ClCompile Include="ProjectObject\Display\Test\EnvMapping.cpp">
      <Filter>Source Files\01.ProjectObject\Display\Test</Filter>
    </ClCompile>
    <ClCompile Include="ProjectObject\Display\Test\NormalMapping.cpp">
      <Filter>Source Files\01.ProjectObject\Display\Test</Filter>
    </ClCompile>
    <ClCompile Include="ProjectObject\Display\Test\InstancingTest.cpp">
      <Filter>Source Files\01.ProjectObject\Display\Test</Filter>
    </ClCompile>
    <ClCompile Include="Graphics\Model\Sky\Cloud.cpp">
      <Filter>00.World_of_Warcraft\03.Graphics\04.Model\Sky</Filter>
    </ClCompile>
    <ClCompile Include="Graphics\Shader\ShaderClass\CloudShader.cpp">
      <Filter>00.World_of_Warcraft\03.Graphics\02.Shader\ShaderClass</Filter>
    </ClCompile>
    <ClCompile Include="ProjectObject\Display\Test\UVWater.cpp">
      <Filter>Source Files\01.ProjectObject\Display\Test</Filter>
    </ClCompile>
    <ClCompile Include="Graphics\Shader\ShaderClass\ShadowMapShader.cpp">
      <Filter>00.World_of_Warcraft\03.Graphics\02.Shader\ShaderClass</Filter>
    </ClCompile>
    <ClCompile Include="Graphics\Shader\ShaderClass\ShadowShader.cpp">
      <Filter>00.World_of_Warcraft\03.Graphics\02.Shader\ShaderClass</Filter>
    </ClCompile>
    <ClCompile Include="ProjectObject\Display\Test\ShadowMapping.cpp">
      <Filter>Source Files\01.ProjectObject\Display\Test</Filter>
    </ClCompile>
    <ClCompile Include="Graphics\Model\Terrain\TerrainEditor.cpp">
      <Filter>00.World_of_Warcraft\03.Graphics\04.Model\Terrain</Filter>
    </ClCompile>
    <ClCompile Include="Graphics\Shader\ShaderClass\TerrainEditorShader.cpp">
      <Filter>00.World_of_Warcraft\03.Graphics\02.Shader\ShaderClass</Filter>
    </ClCompile>
    <ClCompile Include="Graphics\Model\X\SkinnedMeshHLSL.cpp">
      <Filter>00.World_of_Warcraft\03.Graphics\04.Model\X</Filter>
    </ClCompile>
    <ClCompile Include="ProjectObject\Display\Weapon.cpp">
      <Filter>Source Files\01.ProjectObject\Display</Filter>
    </ClCompile>
    <ClCompile Include="ProjectObject\Display\Player.cpp">
      <Filter>00.World_of_Warcraft\01.Object\00.Player</Filter>
    </ClCompile>
    <ClCompile Include="ProjectObject\Display\MainUI.cpp">
      <Filter>Source Files\01.ProjectObject\Display</Filter>
    </ClCompile>
    <ClCompile Include="ProjectObject\Display\UI\PlayerUI.cpp">
      <Filter>00.World_of_Warcraft\01.Object\98.UI</Filter>
    </ClCompile>
    <ClCompile Include="Graphics\Data\Boundary.cpp">
      <Filter>00.World_of_Warcraft\03.Graphics\00.Data</Filter>
    </ClCompile>
    <ClCompile Include="Graphics\Data\DXDefinition.cpp">
      <Filter>00.World_of_Warcraft\03.Graphics\00.Data</Filter>
    </ClCompile>
    <ClCompile Include="Graphics\Data\Light.cpp">
      <Filter>00.World_of_Warcraft\03.Graphics\00.Data</Filter>
    </ClCompile>
    <ClCompile Include="Graphics\Interface\IDisplayObject.cpp">
      <Filter>00.World_of_Warcraft\03.Graphics\01.Interface</Filter>
    </ClCompile>
    <ClCompile Include="Manager\Assets.cpp">
      <Filter>00.World_of_Warcraft\02.Manager</Filter>
    </ClCompile>
    <ClCompile Include="Manager\GUI.cpp">
      <Filter>00.World_of_Warcraft\02.Manager</Filter>
    </ClCompile>
    <ClCompile Include="Manager\Objects.cpp">
      <Filter>00.World_of_Warcraft\02.Manager</Filter>
    </ClCompile>
    <ClCompile Include="Manager\Rendering.cpp">
      <Filter>00.World_of_Warcraft\02.Manager</Filter>
    </ClCompile>
    <ClCompile Include="Manager\Scenes.cpp">
      <Filter>00.World_of_Warcraft\02.Manager</Filter>
    </ClCompile>
    <ClCompile Include="Manager\Shaders.cpp">
      <Filter>00.World_of_Warcraft\02.Manager</Filter>
    </ClCompile>
    <ClCompile Include="Utility\BinaryFile.cpp">
      <Filter>00.World_of_Warcraft\04.Utility</Filter>
    </ClCompile>
    <ClCompile Include="Utility\Path.cpp">
      <Filter>00.World_of_Warcraft\04.Utility</Filter>
    </ClCompile>
    <ClCompile Include="Utility\String.cpp">
      <Filter>00.World_of_Warcraft\04.Utility</Filter>
    </ClCompile>
    <ClCompile Include="ProjectObject\Scene\SceneOBJ.cpp">
      <Filter>00.World_of_Warcraft\01.Object\99.Scene</Filter>
    </ClCompile>
    <ClCompile Include="ProjectObject\Scene\SceneTest.cpp">
      <Filter>00.World_of_Warcraft\01.Object\99.Scene</Filter>
    </ClCompile>
    <ClCompile Include="ProjectObject\Display\Skill\SkullMissile.cpp">
      <Filter>00.World_of_Warcraft\02.Skill</Filter>
    </ClCompile>
    <ClCompile Include="ProjectObject\Display\Boss\Boss1.cpp">
      <Filter>00.World_of_Warcraft\01.Object\02.Boss</Filter>
    </ClCompile>
  </ItemGroup>
  <ItemGroup>
    <ResourceCompile Include="DX9.rc">
      <Filter>00.World_of_Warcraft\01.Object\99.Scene\Resource Files</Filter>
    </ResourceCompile>
  </ItemGroup>
  <ItemGroup>
    <Image Include="small.ico">
      <Filter>00.World_of_Warcraft\01.Object\99.Scene\Resource Files</Filter>
    </Image>
    <Image Include="DX9.ico">
      <Filter>00.World_of_Warcraft\01.Object\99.Scene\Resource Files</Filter>
    </Image>
  </ItemGroup>
  <ItemGroup>
    <FxCompile Include="Graphics\Shader\HLSL\Color.fx">
      <Filter>00.World_of_Warcraft\03.Graphics\02.Shader\HLSL</Filter>
    </FxCompile>
    <FxCompile Include="Graphics\Shader\HLSL\Lighting.fx">
      <Filter>00.World_of_Warcraft\03.Graphics\02.Shader\HLSL</Filter>
    </FxCompile>
    <FxCompile Include="Graphics\Shader\HLSL\Texture.fx">
      <Filter>00.World_of_Warcraft\03.Graphics\02.Shader\HLSL</Filter>
    </FxCompile>
    <FxCompile Include="Graphics\Shader\HLSL\Particle.fx">
      <Filter>00.World_of_Warcraft\03.Graphics\02.Shader\HLSL</Filter>
    </FxCompile>
    <FxCompile Include="Graphics\Shader\HLSL\SkyGradient.fx">
      <Filter>00.World_of_Warcraft\03.Graphics\02.Shader\HLSL</Filter>
    </FxCompile>
    <FxCompile Include="Graphics\Shader\HLSL\TerrainBrush.fx">
      <Filter>00.World_of_Warcraft\03.Graphics\02.Shader\HLSL</Filter>
    </FxCompile>
    <FxCompile Include="Graphics\Shader\HLSL\Skinnedmesh.fx">
      <Filter>00.World_of_Warcraft\03.Graphics\02.Shader\HLSL</Filter>
    </FxCompile>
    <FxCompile Include="Graphics\Shader\HLSL\Toon.fx">
      <Filter>00.World_of_Warcraft\03.Graphics\02.Shader\HLSL</Filter>
    </FxCompile>
    <FxCompile Include="Graphics\Shader\HLSL\Base.fx">
      <Filter>00.World_of_Warcraft\03.Graphics\02.Shader\HLSL</Filter>
    </FxCompile>
    <FxCompile Include="Graphics\Shader\HLSL\Boundary.fx">
      <Filter>00.World_of_Warcraft\03.Graphics\02.Shader\HLSL</Filter>
    </FxCompile>
    <FxCompile Include="Graphics\Shader\HLSL\Hiding.fx">
      <Filter>00.World_of_Warcraft\03.Graphics\02.Shader\HLSL</Filter>
    </FxCompile>
    <FxCompile Include="Graphics\Shader\HLSL\EnvMapping.fx">
      <Filter>00.World_of_Warcraft\03.Graphics\02.Shader\HLSL</Filter>
    </FxCompile>
    <FxCompile Include="Graphics\Shader\HLSL\NormalMapping.fx">
      <Filter>00.World_of_Warcraft\03.Graphics\02.Shader\HLSL</Filter>
    </FxCompile>
    <FxCompile Include="Graphics\Shader\HLSL\Instancing.fx">
      <Filter>00.World_of_Warcraft\03.Graphics\02.Shader\HLSL</Filter>
    </FxCompile>
    <FxCompile Include="Graphics\Shader\HLSL\Cloud.fx">
      <Filter>00.World_of_Warcraft\03.Graphics\02.Shader\HLSL</Filter>
    </FxCompile>
    <FxCompile Include="Graphics\Shader\HLSL\UVWater.fx">
      <Filter>00.World_of_Warcraft\03.Graphics\02.Shader\HLSL</Filter>
    </FxCompile>
    <FxCompile Include="Graphics\Shader\HLSL\Rect.fx">
      <Filter>00.World_of_Warcraft\03.Graphics\02.Shader\HLSL</Filter>
    </FxCompile>
    <FxCompile Include="Graphics\Shader\HLSL\ShadowMap.fx">
      <Filter>00.World_of_Warcraft\03.Graphics\02.Shader\HLSL</Filter>
    </FxCompile>
    <FxCompile Include="Graphics\Shader\HLSL\Shadow.fx">
      <Filter>00.World_of_Warcraft\03.Graphics\02.Shader\HLSL</Filter>
    </FxCompile>
    <FxCompile Include="Graphics\Shader\HLSL\SimpleApplyShadow.fx">
      <Filter>00.World_of_Warcraft\03.Graphics\02.Shader\HLSL</Filter>
    </FxCompile>
    <FxCompile Include="Graphics\Shader\HLSL\SimpleCreateShadow.fx">
      <Filter>00.World_of_Warcraft\03.Graphics\02.Shader\HLSL</Filter>
    </FxCompile>
  </ItemGroup>
</Project>